{
  "version": 4,
  "terraform_version": "1.5.7",
  "serial": 227,
  "lineage": "d7a86558-622a-e06f-84d8-fef568fb61a7",
  "outputs": {
    "azure_virtual_desktop_compute_resource_group": {
      "value": "SupportAVD",
      "type": "string"
    },
    "azure_virtual_desktop_host_pool": {
      "value": "SupportAVD",
      "type": "string"
    },
    "azurerm_virtual_desktop_application_group": {
      "value": "avdtsupport-dag",
      "type": "string"
    },
    "azurerm_virtual_desktop_workspace": {
      "value": "AVD Support Workspace",
      "type": "string"
    },
    "location": {
      "value": "westeurope",
      "type": "string"
    }
  },
  "resources": [
    {
      "mode": "data",
      "type": "azuread_group",
      "name": "aad_group",
      "provider": "provider[\"registry.terraform.io/hashicorp/azuread\"]",
      "instances": [
        {
          "schema_version": 0,
          "attributes": {
            "assignable_to_role": false,
            "auto_subscribe_new_members": false,
            "behaviors": [],
            "description": "",
            "display_name": "tlk-team-helpdesk-all",
            "dynamic_membership": [
              {
                "enabled": true,
                "rule": "user.memberof -any (group.objectId -in [\"3cbaba2e-5c75-4b3c-92b3-c98122b8557d\",\"1e7a9bc1-674d-49a5-81ac-744b5758a2b8\"])"
              }
            ],
            "external_senders_allowed": false,
            "hide_from_address_lists": false,
            "hide_from_outlook_clients": false,
            "id": "0e888b04-3a82-4875-8858-48176de5f28a",
            "mail": "",
            "mail_enabled": false,
            "mail_nickname": "62869fb0-7",
            "members": [
              "c944cf55-60b6-40a6-8557-f86a27e334fe",
              "70cb2aba-4029-4e13-a7d7-a761e644857c",
              "8c555ce2-1d64-4e12-9826-a368f66d02ce",
              "60c0a2a5-6fd5-46ec-99bc-7ca8fa163c5a"
            ],
            "object_id": "0e888b04-3a82-4875-8858-48176de5f28a",
            "onpremises_domain_name": "",
            "onpremises_group_type": "",
            "onpremises_netbios_name": "",
            "onpremises_sam_account_name": "",
            "onpremises_security_identifier": "",
            "onpremises_sync_enabled": false,
            "owners": [
              "c944cf55-60b6-40a6-8557-f86a27e334fe",
              "70cb2aba-4029-4e13-a7d7-a761e644857c"
            ],
            "preferred_language": "",
            "provisioning_options": [],
            "proxy_addresses": [],
            "security_enabled": true,
            "theme": "",
            "timeouts": null,
            "types": [
              "DynamicMembership"
            ],
            "visibility": "",
            "writeback_enabled": false
          },
          "sensitive_attributes": []
        }
      ]
    },
    {
      "mode": "data",
      "type": "azurerm_role_definition",
      "name": "desktop_user",
      "provider": "provider[\"registry.terraform.io/hashicorp/azurerm\"]",
      "instances": [
        {
          "schema_version": 0,
          "attributes": {
            "assignable_scopes": [
              "/"
            ],
            "description": "Allows user to use the applications in an application group.",
            "id": "/providers/Microsoft.Authorization/roleDefinitions/1d18fff3-a72a-46b5-b4a9-0b38a3cd7e63",
            "name": "Desktop Virtualization User",
            "permissions": [
              {
                "actions": [],
                "data_actions": [
                  "Microsoft.DesktopVirtualization/appAttachPackages/useApplications/action",
                  "Microsoft.DesktopVirtualization/applicationGroups/useApplications/action"
                ],
                "not_actions": [],
                "not_data_actions": []
              }
            ],
            "role_definition_id": "/providers/Microsoft.Authorization/roleDefinitions/1d18fff3-a72a-46b5-b4a9-0b38a3cd7e63",
            "scope": null,
            "timeouts": null,
            "type": "BuiltInRole"
          },
          "sensitive_attributes": []
        }
      ]
    },
    {
      "mode": "data",
      "type": "azurerm_role_definition",
      "name": "vm_user_login",
      "provider": "provider[\"registry.terraform.io/hashicorp/azurerm\"]",
      "instances": [
        {
          "schema_version": 0,
          "attributes": {
            "assignable_scopes": [
              "/"
            ],
            "description": "View Virtual Machines in the portal and login as a regular user.",
            "id": "/providers/Microsoft.Authorization/roleDefinitions/fb879df8-f326-4884-b1cf-06f3ad86be52",
            "name": "Virtual Machine User Login",
            "permissions": [
              {
                "actions": [
                  "Microsoft.Network/publicIPAddresses/read",
                  "Microsoft.Network/virtualNetworks/read",
                  "Microsoft.Network/loadBalancers/read",
                  "Microsoft.Network/networkInterfaces/read",
                  "Microsoft.Compute/virtualMachines/*/read",
                  "Microsoft.HybridCompute/machines/*/read",
                  "Microsoft.HybridConnectivity/endpoints/listCredentials/action"
                ],
                "data_actions": [
                  "Microsoft.Compute/virtualMachines/login/action",
                  "Microsoft.HybridCompute/machines/login/action"
                ],
                "not_actions": [],
                "not_data_actions": []
              }
            ],
            "role_definition_id": "/providers/Microsoft.Authorization/roleDefinitions/fb879df8-f326-4884-b1cf-06f3ad86be52",
            "scope": null,
            "timeouts": null,
            "type": "BuiltInRole"
          },
          "sensitive_attributes": []
        }
      ]
    },
    {
      "mode": "managed",
      "type": "azurerm_network_interface",
      "name": "nic",
      "provider": "provider[\"registry.terraform.io/hashicorp/azurerm\"]",
      "instances": [
        {
          "index_key": 0,
          "schema_version": 0,
          "attributes": {
            "applied_dns_servers": [],
            "dns_servers": [],
            "enable_accelerated_networking": false,
            "enable_ip_forwarding": false,
            "id": "/subscriptions/80be0f81-744f-407a-af15-1d367ac5f198/resourceGroups/SupportAVD/providers/Microsoft.Network/networkInterfaces/avd-vm-host-1",
            "internal_dns_name_label": "",
            "internal_domain_name_suffix": "5jbnoopyhmierpg2upxo0gqi2b.ax.internal.cloudapp.net",
            "ip_configuration": [
              {
                "gateway_load_balancer_frontend_ip_configuration_id": "",
                "name": "internal",
                "primary": true,
                "private_ip_address": "10.0.1.4",
                "private_ip_address_allocation": "Dynamic",
                "private_ip_address_version": "IPv4",
                "public_ip_address_id": "",
                "subnet_id": "/subscriptions/80be0f81-744f-407a-af15-1d367ac5f198/resourceGroups/SupportAVD/providers/Microsoft.Network/virtualNetworks/SupportAVDnetwork/subnets/SupportAVDsubnet"
              }
            ],
            "location": "westeurope",
            "mac_address": "",
            "name": "avd-vm-host-1",
            "private_ip_address": "10.0.1.4",
            "private_ip_addresses": [
              "10.0.1.4"
            ],
            "resource_group_name": "SupportAVD",
            "tags": null,
            "timeouts": null,
            "virtual_machine_id": ""
          },
          "sensitive_attributes": [],
          "private": "eyJlMmJmYjczMC1lY2FhLTExZTYtOGY4OC0zNDM2M2JjN2M0YzAiOnsiY3JlYXRlIjoxODAwMDAwMDAwMDAwLCJkZWxldGUiOjE4MDAwMDAwMDAwMDAsInJlYWQiOjMwMDAwMDAwMDAwMCwidXBkYXRlIjoxODAwMDAwMDAwMDAwfX0="
        }
      ]
    },
    {
      "mode": "managed",
      "type": "azurerm_network_security_group",
      "name": "nsg",
      "provider": "provider[\"registry.terraform.io/hashicorp/azurerm\"]",
      "instances": [
        {
          "schema_version": 0,
          "attributes": {
            "id": "/subscriptions/80be0f81-744f-407a-af15-1d367ac5f198/resourceGroups/SupportAVD/providers/Microsoft.Network/networkSecurityGroups/SupportNSG",
            "location": "westeurope",
            "name": "SupportNSG",
            "resource_group_name": "SupportAVD",
            "security_rule": [],
            "tags": {},
            "timeouts": null
          },
          "sensitive_attributes": [],
          "private": "eyJlMmJmYjczMC1lY2FhLTExZTYtOGY4OC0zNDM2M2JjN2M0YzAiOnsiY3JlYXRlIjoxODAwMDAwMDAwMDAwLCJkZWxldGUiOjE4MDAwMDAwMDAwMDAsInJlYWQiOjMwMDAwMDAwMDAwMCwidXBkYXRlIjoxODAwMDAwMDAwMDAwfX0=",
          "dependencies": [
            "azurerm_resource_group.sh"
          ]
        }
      ]
    },
    {
      "mode": "managed",
      "type": "azurerm_resource_group",
      "name": "sh",
      "provider": "provider[\"registry.terraform.io/hashicorp/azurerm\"]",
      "instances": [
        {
          "schema_version": 0,
          "attributes": {
            "id": "/subscriptions/80be0f81-744f-407a-af15-1d367ac5f198/resourceGroups/SupportAVD",
            "location": "westeurope",
            "name": "SupportAVD",
            "tags": {},
            "timeouts": null
          },
          "sensitive_attributes": [],
          "private": "eyJlMmJmYjczMC1lY2FhLTExZTYtOGY4OC0zNDM2M2JjN2M0YzAiOnsiY3JlYXRlIjo1NDAwMDAwMDAwMDAwLCJkZWxldGUiOjU0MDAwMDAwMDAwMDAsInJlYWQiOjMwMDAwMDAwMDAwMCwidXBkYXRlIjo1NDAwMDAwMDAwMDAwfX0="
        }
      ]
    },
    {
      "mode": "managed",
      "type": "azurerm_role_assignment",
      "name": "desktop_role",
      "provider": "provider[\"registry.terraform.io/hashicorp/azurerm\"]",
      "instances": [
        {
          "schema_version": 0,
          "attributes": {
            "condition": "",
            "condition_version": "",
            "delegated_managed_identity_resource_id": "",
            "description": "",
            "id": "/subscriptions/80be0f81-744f-407a-af15-1d367ac5f198/resourceGroups/SupportAVD/providers/Microsoft.DesktopVirtualization/applicationGroups/avdtsupport-dag/providers/Microsoft.Authorization/roleAssignments/fc1cb261-d1e5-dfbd-b7d0-1a19fb9af7a9",
            "name": "fc1cb261-d1e5-dfbd-b7d0-1a19fb9af7a9",
            "principal_id": "0e888b04-3a82-4875-8858-48176de5f28a",
            "principal_type": "Group",
            "role_definition_id": "/subscriptions/80be0f81-744f-407a-af15-1d367ac5f198/providers/Microsoft.Authorization/roleDefinitions/1d18fff3-a72a-46b5-b4a9-0b38a3cd7e63",
            "role_definition_name": "Desktop Virtualization User",
            "scope": "/subscriptions/80be0f81-744f-407a-af15-1d367ac5f198/resourceGroups/SupportAVD/providers/Microsoft.DesktopVirtualization/applicationGroups/avdtsupport-dag",
            "skip_service_principal_aad_check": null,
            "timeouts": null
          },
          "sensitive_attributes": [],
          "private": "eyJlMmJmYjczMC1lY2FhLTExZTYtOGY4OC0zNDM2M2JjN2M0YzAiOnsiY3JlYXRlIjoxODAwMDAwMDAwMDAwLCJkZWxldGUiOjE4MDAwMDAwMDAwMDAsInJlYWQiOjMwMDAwMDAwMDAwMCwidXBkYXRlIjoxODAwMDAwMDAwMDAwfX0=",
          "dependencies": [
            "azurerm_virtual_desktop_application_group.dag",
            "data.azuread_group.aad_group",
            "data.azurerm_role_definition.desktop_user"
          ]
        }
      ]
    },
    {
      "mode": "managed",
      "type": "azurerm_role_assignment",
      "name": "vm_user_role",
      "provider": "provider[\"registry.terraform.io/hashicorp/azurerm\"]",
      "instances": [
        {
          "schema_version": 0,
          "attributes": {
            "condition": "",
            "condition_version": "",
            "delegated_managed_identity_resource_id": "",
            "description": "",
            "id": "/subscriptions/80be0f81-744f-407a-af15-1d367ac5f198/resourceGroups/SupportAVD/providers/Microsoft.Authorization/roleAssignments/d0e944f1-f369-8a0c-6646-5474e76eee78",
            "name": "d0e944f1-f369-8a0c-6646-5474e76eee78",
            "principal_id": "0e888b04-3a82-4875-8858-48176de5f28a",
            "principal_type": "Group",
            "role_definition_id": "/subscriptions/80be0f81-744f-407a-af15-1d367ac5f198/providers/Microsoft.Authorization/roleDefinitions/fb879df8-f326-4884-b1cf-06f3ad86be52",
            "role_definition_name": "Virtual Machine User Login",
            "scope": "/subscriptions/80be0f81-744f-407a-af15-1d367ac5f198/resourceGroups/SupportAVD",
            "skip_service_principal_aad_check": null,
            "timeouts": null
          },
          "sensitive_attributes": [],
          "private": "eyJlMmJmYjczMC1lY2FhLTExZTYtOGY4OC0zNDM2M2JjN2M0YzAiOnsiY3JlYXRlIjoxODAwMDAwMDAwMDAwLCJkZWxldGUiOjE4MDAwMDAwMDAwMDAsInJlYWQiOjMwMDAwMDAwMDAwMCwidXBkYXRlIjoxODAwMDAwMDAwMDAwfX0=",
          "dependencies": [
            "azurerm_resource_group.sh",
            "data.azuread_group.aad_group",
            "data.azurerm_role_definition.vm_user_login"
          ]
        }
      ]
    },
    {
      "mode": "managed",
      "type": "azurerm_subnet",
      "name": "subnet",
      "provider": "provider[\"registry.terraform.io/hashicorp/azurerm\"]",
      "instances": [
        {
          "schema_version": 0,
          "attributes": {
            "address_prefix": "10.0.1.0/24",
            "address_prefixes": [
              "10.0.1.0/24"
            ],
            "delegation": [],
            "enforce_private_link_endpoint_network_policies": false,
            "enforce_private_link_service_network_policies": false,
            "id": "/subscriptions/80be0f81-744f-407a-af15-1d367ac5f198/resourceGroups/SupportAVD/providers/Microsoft.Network/virtualNetworks/SupportAVDnetwork/subnets/SupportAVDsubnet",
            "name": "SupportAVDsubnet",
            "resource_group_name": "SupportAVD",
            "service_endpoint_policy_ids": [],
            "service_endpoints": [],
            "timeouts": null,
            "virtual_network_name": "SupportAVDnetwork"
          },
          "sensitive_attributes": [],
          "private": "eyJlMmJmYjczMC1lY2FhLTExZTYtOGY4OC0zNDM2M2JjN2M0YzAiOnsiY3JlYXRlIjoxODAwMDAwMDAwMDAwLCJkZWxldGUiOjE4MDAwMDAwMDAwMDAsInJlYWQiOjMwMDAwMDAwMDAwMCwidXBkYXRlIjoxODAwMDAwMDAwMDAwfX0=",
          "dependencies": [
            "azurerm_resource_group.sh",
            "azurerm_virtual_network.vnet"
          ]
        }
      ]
    },
    {
      "mode": "managed",
      "type": "azurerm_subnet_network_security_group_association",
      "name": "nsg_association",
      "provider": "provider[\"registry.terraform.io/hashicorp/azurerm\"]",
      "instances": [
        {
          "schema_version": 0,
          "attributes": {
            "id": "/subscriptions/80be0f81-744f-407a-af15-1d367ac5f198/resourceGroups/SupportAVD/providers/Microsoft.Network/virtualNetworks/SupportAVDnetwork/subnets/SupportAVDsubnet",
            "network_security_group_id": "/subscriptions/80be0f81-744f-407a-af15-1d367ac5f198/resourceGroups/SupportAVD/providers/Microsoft.Network/networkSecurityGroups/SupportNSG",
            "subnet_id": "/subscriptions/80be0f81-744f-407a-af15-1d367ac5f198/resourceGroups/SupportAVD/providers/Microsoft.Network/virtualNetworks/SupportAVDnetwork/subnets/SupportAVDsubnet",
            "timeouts": null
          },
          "sensitive_attributes": [],
          "private": "eyJlMmJmYjczMC1lY2FhLTExZTYtOGY4OC0zNDM2M2JjN2M0YzAiOnsiY3JlYXRlIjoxODAwMDAwMDAwMDAwLCJkZWxldGUiOjE4MDAwMDAwMDAwMDAsInJlYWQiOjMwMDAwMDAwMDAwMCwidXBkYXRlIjoxODAwMDAwMDAwMDAwfX0=",
          "dependencies": [
            "azurerm_network_security_group.nsg",
            "azurerm_resource_group.sh",
            "azurerm_subnet.subnet",
            "azurerm_virtual_network.vnet"
          ]
        }
      ]
    },
    {
      "mode": "managed",
      "type": "azurerm_virtual_desktop_application_group",
      "name": "dag",
      "provider": "provider[\"registry.terraform.io/hashicorp/azurerm\"]",
      "instances": [
        {
          "schema_version": 1,
          "attributes": {
            "default_desktop_display_name": "",
            "description": "AVD application group",
            "friendly_name": "Desktop AppGroup",
            "host_pool_id": "/subscriptions/80be0f81-744f-407a-af15-1d367ac5f198/resourceGroups/SupportAVD/providers/Microsoft.DesktopVirtualization/hostPools/SupportAVD",
            "id": "/subscriptions/80be0f81-744f-407a-af15-1d367ac5f198/resourceGroups/SupportAVD/providers/Microsoft.DesktopVirtualization/applicationGroups/avdtsupport-dag",
            "location": "westeurope",
            "name": "avdtsupport-dag",
            "resource_group_name": "SupportAVD",
            "tags": {},
            "timeouts": null,
            "type": "Desktop"
          },
          "sensitive_attributes": [],
          "private": "eyJlMmJmYjczMC1lY2FhLTExZTYtOGY4OC0zNDM2M2JjN2M0YzAiOnsiY3JlYXRlIjozNjAwMDAwMDAwMDAwLCJkZWxldGUiOjM2MDAwMDAwMDAwMDAsInJlYWQiOjMwMDAwMDAwMDAwMCwidXBkYXRlIjozNjAwMDAwMDAwMDAwfSwic2NoZW1hX3ZlcnNpb24iOiIxIn0=",
          "dependencies": [
            "azurerm_resource_group.sh",
            "azurerm_virtual_desktop_host_pool.hostpool",
            "azurerm_virtual_desktop_workspace.workspace"
          ]
        }
      ]
    },
    {
      "mode": "managed",
      "type": "azurerm_virtual_desktop_host_pool",
      "name": "hostpool",
      "provider": "provider[\"registry.terraform.io/hashicorp/azurerm\"]",
      "instances": [
        {
          "schema_version": 1,
          "attributes": {
            "custom_rdp_properties": "drivestoredirect:s:;audiomode:i:0;videoplaybackmode:i:1;redirectclipboard:i:0;redirectprinters:i:0;devicestoredirect:s:;redirectcomports:i:0;redirectsmartcards:i:0;usbdevicestoredirect:s:;enablecredsspsupport:i:1;redirectwebauthn:i:0;use multimon:i:1;enablerdsaadauth:i:1;redirectlocation:i:0;",
            "description": "avdtsupport Terraform HostPool",
            "friendly_name": "SupportAVD",
            "id": "/subscriptions/80be0f81-744f-407a-af15-1d367ac5f198/resourceGroups/SupportAVD/providers/Microsoft.DesktopVirtualization/hostPools/SupportAVD",
            "load_balancer_type": "Persistent",
            "location": "westeurope",
            "maximum_sessions_allowed": 999999,
            "name": "SupportAVD",
            "personal_desktop_assignment_type": "Automatic",
            "preferred_app_group_type": "Desktop",
            "registration_info": [],
            "resource_group_name": "SupportAVD",
            "start_vm_on_connect": true,
            "tags": {},
            "timeouts": null,
            "type": "Personal",
            "validate_environment": true
          },
          "sensitive_attributes": [],
          "private": "eyJlMmJmYjczMC1lY2FhLTExZTYtOGY4OC0zNDM2M2JjN2M0YzAiOnsiY3JlYXRlIjozNjAwMDAwMDAwMDAwLCJkZWxldGUiOjM2MDAwMDAwMDAwMDAsInJlYWQiOjMwMDAwMDAwMDAwMCwidXBkYXRlIjozNjAwMDAwMDAwMDAwfSwic2NoZW1hX3ZlcnNpb24iOiIxIn0=",
          "dependencies": [
            "azurerm_resource_group.sh"
          ]
        }
      ]
    },
    {
      "mode": "managed",
      "type": "azurerm_virtual_desktop_workspace",
      "name": "workspace",
      "provider": "provider[\"registry.terraform.io/hashicorp/azurerm\"]",
      "instances": [
        {
          "schema_version": 1,
          "attributes": {
            "description": "avdtsupport Workspace",
            "friendly_name": "avdtsupport Workspace",
            "id": "/subscriptions/80be0f81-744f-407a-af15-1d367ac5f198/resourceGroups/SupportAVD/providers/Microsoft.DesktopVirtualization/workspaces/AVD Support Workspace",
            "location": "westeurope",
            "name": "AVD Support Workspace",
            "resource_group_name": "SupportAVD",
            "tags": {},
            "timeouts": null
          },
          "sensitive_attributes": [],
          "private": "eyJlMmJmYjczMC1lY2FhLTExZTYtOGY4OC0zNDM2M2JjN2M0YzAiOnsiY3JlYXRlIjozNjAwMDAwMDAwMDAwLCJkZWxldGUiOjM2MDAwMDAwMDAwMDAsInJlYWQiOjMwMDAwMDAwMDAwMCwidXBkYXRlIjozNjAwMDAwMDAwMDAwfSwic2NoZW1hX3ZlcnNpb24iOiIxIn0=",
          "dependencies": [
            "azurerm_resource_group.sh"
          ]
        }
      ]
    },
    {
      "mode": "managed",
      "type": "azurerm_virtual_desktop_workspace_application_group_association",
      "name": "ws-dag",
      "provider": "provider[\"registry.terraform.io/hashicorp/azurerm\"]",
      "instances": [
        {
          "schema_version": 1,
          "attributes": {
            "application_group_id": "/subscriptions/80be0f81-744f-407a-af15-1d367ac5f198/resourceGroups/SupportAVD/providers/Microsoft.DesktopVirtualization/applicationGroups/avdtsupport-dag",
            "id": "/subscriptions/80be0f81-744f-407a-af15-1d367ac5f198/resourceGroups/SupportAVD/providers/Microsoft.DesktopVirtualization/workspaces/AVD Support Workspace|/subscriptions/80be0f81-744f-407a-af15-1d367ac5f198/resourceGroups/SupportAVD/providers/Microsoft.DesktopVirtualization/applicationGroups/avdtsupport-dag",
            "timeouts": null,
            "workspace_id": "/subscriptions/80be0f81-744f-407a-af15-1d367ac5f198/resourceGroups/SupportAVD/providers/Microsoft.DesktopVirtualization/workspaces/AVD Support Workspace"
          },
          "sensitive_attributes": [],
          "private": "eyJlMmJmYjczMC1lY2FhLTExZTYtOGY4OC0zNDM2M2JjN2M0YzAiOnsiY3JlYXRlIjozNjAwMDAwMDAwMDAwLCJkZWxldGUiOjM2MDAwMDAwMDAwMDAsInJlYWQiOjMwMDAwMDAwMDAwMCwidXBkYXRlIjozNjAwMDAwMDAwMDAwfSwic2NoZW1hX3ZlcnNpb24iOiIxIn0=",
          "dependencies": [
            "azurerm_resource_group.sh",
            "azurerm_virtual_desktop_application_group.dag",
            "azurerm_virtual_desktop_host_pool.hostpool",
            "azurerm_virtual_desktop_workspace.workspace"
          ]
        }
      ]
    },
    {
      "mode": "managed",
      "type": "azurerm_virtual_machine",
      "name": "vm",
      "provider": "provider[\"registry.terraform.io/hashicorp/azurerm\"]",
      "instances": [
        {
          "index_key": 0,
          "schema_version": 0,
          "attributes": {
            "additional_capabilities": [],
            "availability_set_id": null,
            "boot_diagnostics": [],
            "delete_data_disks_on_termination": false,
            "delete_os_disk_on_termination": true,
            "id": "/subscriptions/80be0f81-744f-407a-af15-1d367ac5f198/resourceGroups/SupportAVD/providers/Microsoft.Compute/virtualMachines/avd-vm-host-1",
            "identity": [
              {
                "identity_ids": null,
                "principal_id": "ba2f144f-c4ed-44e1-bc4d-198841fd8d8c",
                "type": "SystemAssigned"
              }
            ],
            "license_type": null,
            "location": "westeurope",
            "name": "avd-vm-host-1",
            "network_interface_ids": [
              "/subscriptions/80be0f81-744f-407a-af15-1d367ac5f198/resourceGroups/SupportAVD/providers/Microsoft.Network/networkInterfaces/avd-vm-host-1"
            ],
            "os_profile": [
              {
                "admin_password": "",
                "admin_username": "toloka-admin",
                "computer_name": "avd-vm-host-1",
                "custom_data": ""
              }
            ],
            "os_profile_linux_config": [],
            "os_profile_secrets": [],
            "os_profile_windows_config": [
              {
                "additional_unattend_config": [],
                "enable_automatic_upgrades": false,
                "provision_vm_agent": true,
                "timezone": "",
                "winrm": []
              }
            ],
            "plan": [],
            "primary_network_interface_id": null,
            "proximity_placement_group_id": null,
            "resource_group_name": "SupportAVD",
            "storage_data_disk": [],
            "storage_image_reference": [
              {
                "id": "",
                "offer": "windows-11",
                "publisher": "MicrosoftWindowsDesktop",
                "sku": "win11-22h2-ent",
                "version": "latest"
              }
            ],
            "storage_os_disk": [
              {
                "caching": "ReadWrite",
                "create_option": "FromImage",
                "disk_size_gb": 127,
                "image_uri": "",
                "managed_disk_id": "/subscriptions/80be0f81-744f-407a-af15-1d367ac5f198/resourceGroups/SupportAVD/providers/Microsoft.Compute/disks/avd-vm-host-1",
                "managed_disk_type": "Premium_LRS",
                "name": "avd-vm-host-1",
                "os_type": "Windows",
                "vhd_uri": "",
                "write_accelerator_enabled": false
              }
            ],
            "tags": null,
            "timeouts": null,
            "vm_size": "Standard_D2s_v3",
            "zones": null
          },
          "sensitive_attributes": [],
          "private": "eyJlMmJmYjczMC1lY2FhLTExZTYtOGY4OC0zNDM2M2JjN2M0YzAiOnsiY3JlYXRlIjozNjAwMDAwMDAwMDAwLCJkZWxldGUiOjM2MDAwMDAwMDAwMDAsInJlYWQiOjMwMDAwMDAwMDAwMCwidXBkYXRlIjozNjAwMDAwMDAwMDAwfX0=",
          "dependencies": [
            "azurerm_network_interface.nic",
            "azurerm_virtual_desktop_host_pool.hostpool"
          ]
        }
      ]
    },
    {
      "mode": "managed",
      "type": "azurerm_virtual_machine_extension",
      "name": "registersessionhost",
      "provider": "provider[\"registry.terraform.io/hashicorp/azurerm\"]",
      "instances": []
    },
    {
      "mode": "managed",
      "type": "azurerm_virtual_network",
      "name": "vnet",
      "provider": "provider[\"registry.terraform.io/hashicorp/azurerm\"]",
      "instances": [
        {
          "schema_version": 0,
          "attributes": {
            "address_space": [
              "10.0.0.0/16"
            ],
            "bgp_community": "",
            "ddos_protection_plan": [],
            "dns_servers": [],
            "flow_timeout_in_minutes": 0,
            "guid": "39d742fa-3bf8-4810-bcdc-a3eeed1a08e1",
            "id": "/subscriptions/80be0f81-744f-407a-af15-1d367ac5f198/resourceGroups/SupportAVD/providers/Microsoft.Network/virtualNetworks/SupportAVDnetwork",
            "location": "westeurope",
            "name": "SupportAVDnetwork",
            "resource_group_name": "SupportAVD",
            "subnet": [
              {
                "address_prefix": "10.0.1.0/24",
                "id": "/subscriptions/80be0f81-744f-407a-af15-1d367ac5f198/resourceGroups/SupportAVD/providers/Microsoft.Network/virtualNetworks/SupportAVDnetwork/subnets/SupportAVDsubnet",
                "name": "SupportAVDsubnet",
                "security_group": "/subscriptions/80be0f81-744f-407a-af15-1d367ac5f198/resourceGroups/SupportAVD/providers/Microsoft.Network/networkSecurityGroups/SupportNSG"
              }
            ],
            "tags": {},
            "timeouts": null,
            "vm_protection_enabled": false
          },
          "sensitive_attributes": [],
          "private": "eyJlMmJmYjczMC1lY2FhLTExZTYtOGY4OC0zNDM2M2JjN2M0YzAiOnsiY3JlYXRlIjoxODAwMDAwMDAwMDAwLCJkZWxldGUiOjE4MDAwMDAwMDAwMDAsInJlYWQiOjMwMDAwMDAwMDAwMCwidXBkYXRlIjoxODAwMDAwMDAwMDAwfX0=",
          "dependencies": [
            "azurerm_resource_group.sh"
          ]
        }
      ]
    }
  ],
  "check_results": null
}
